
Microsoft Visual Studio Solution File, Format Version 12.00
# Visual Studio Version 16
VisualStudioVersion = 16.0.31112.23
MinimumVisualStudioVersion = 10.0.40219.1
Project("{FAE04EC0-301F-11D3-BF4B-00C04F79EFBC}") = "LogicTestQuiz", "LogicTestQuiz\LogicTestQuiz.csproj", "{C9DC3F5B-7513-4A1B-B2C1-9FB80B2EA4ED}"
EndProject
Global
	GlobalSection(SolutionConfigurationPlatforms) = preSolution
		Debug|Any CPU = Debug|Any CPU
		Release|Any CPU = Release|Any CPU
	EndGlobalSection
	GlobalSection(ProjectConfigurationPlatforms) = postSolution
		{C9DC3F5B-7513-4A1B-B2C1-9FB80B2EA4ED}.Debug|Any CPU.ActiveCfg = Debug|Any CPU
		{C9DC3F5B-7513-4A1B-B2C1-9FB80B2EA4ED}.Debug|Any CPU.Build.0 = Debug|Any CPU
		{C9DC3F5B-7513-4A1B-B2C1-9FB80B2EA4ED}.Release|Any CPU.ActiveCfg = Release|Any CPU
		{C9DC3F5B-7513-4A1B-B2C1-9FB80B2EA4ED}.Release|Any CPU.Build.0 = Release|Any CPU
	EndGlobalSection
	GlobalSection(SolutionProperties) = preSolution
		HideSolutionNode = FALSE
	EndGlobalSection
	GlobalSection(ExtensibilityGlobals) = postSolution
		SolutionGuid = {396E2ABD-96E0-44E0-8447-64E86089BCDB}
	EndGlobalSection
EndGlobal
